
Microsoft Visual Studio Solution File, Format Version 12.00
# Visual Studio Version 16
VisualStudioVersion = 16.0.29709.97
MinimumVisualStudioVersion = 10.0.40219.1
Project("{FAE04EC0-301F-11D3-BF4B-00C04F79EFBC}") = "ModuloOp", "ModuloOp\ModuloOp.csproj", "{DF9F35B4-5BDA-4393-A922-2EDD43F8A45A}"
EndProject
Global
	GlobalSection(SolutionConfigurationPlatforms) = preSolution
		Debug|Any CPU = Debug|Any CPU
		Release|Any CPU = Release|Any CPU
	EndGlobalSection
	GlobalSection(ProjectConfigurationPlatforms) = postSolution
		{DF9F35B4-5BDA-4393-A922-2EDD43F8A45A}.Debug|Any CPU.ActiveCfg = Debug|Any CPU
		{DF9F35B4-5BDA-4393-A922-2EDD43F8A45A}.Debug|Any CPU.Build.0 = Debug|Any CPU
		{DF9F35B4-5BDA-4393-A922-2EDD43F8A45A}.Release|Any CPU.ActiveCfg = Release|Any CPU
		{DF9F35B4-5BDA-4393-A922-2EDD43F8A45A}.Release|Any CPU.Build.0 = Release|Any CPU
	EndGlobalSection
	GlobalSection(SolutionProperties) = preSolution
		HideSolutionNode = FALSE
	EndGlobalSection
	GlobalSection(ExtensibilityGlobals) = postSolution
		SolutionGuid = {8AD28F17-B151-4EDD-A9E8-1D24553E831A}
	EndGlobalSection
EndGlobal
